
Microsoft Visual Studio Solution File, Format Version 12.00
# Visual Studio 15
VisualStudioVersion = 15.0.28307.705
MinimumVisualStudioVersion = 10.0.40219.1
Project("{9092AA53-FB77-4645-B42D-1CCCA6BD08BD}") = "clbkncs", "clbkncs\clbkncs.njsproj", "{A67B9314-7823-458F-B82D-97E426B2F23D}"
EndProject
Global
	GlobalSection(SolutionConfigurationPlatforms) = preSolution
		Debug|Any CPU = Debug|Any CPU
		Release|Any CPU = Release|Any CPU
	EndGlobalSection
	GlobalSection(ProjectConfigurationPlatforms) = postSolution
		{A67B9314-7823-458F-B82D-97E426B2F23D}.Debug|Any CPU.ActiveCfg = Debug|Any CPU
		{A67B9314-7823-458F-B82D-97E426B2F23D}.Debug|Any CPU.Build.0 = Debug|Any CPU
		{A67B9314-7823-458F-B82D-97E426B2F23D}.Release|Any CPU.ActiveCfg = Release|Any CPU
		{A67B9314-7823-458F-B82D-97E426B2F23D}.Release|Any CPU.Build.0 = Release|Any CPU
	EndGlobalSection
	GlobalSection(SolutionProperties) = preSolution
		HideSolutionNode = FALSE
	EndGlobalSection
	GlobalSection(ExtensibilityGlobals) = postSolution
		SolutionGuid = {E4801EC0-0B22-4861-989D-735DC13A3F79}
	EndGlobalSection
EndGlobal
